PackratFormat: 1.4
PackratVersion: 0.4.8.1
RVersion: 3.4.1
Repos: CRAN=https://cran.rstudio.com/

Package: DT
Source: CRAN
Version: 0.2
Hash: 36b032203797956fedad5a25055016a9
Requires: htmltools, htmlwidgets, magrittr

Package: R6
Source: CRAN
Version: 2.2.2
Hash: b2366cd9d2f3851a5704b4e192b985c2

Package: RColorBrewer
Source: CRAN
Version: 1.1-2
Hash: c0d56cd15034f395874c870141870c25

Package: Rcpp
Source: CRAN
Version: 0.12.12
Hash: 8b3d5ebb9a9a4ab5c86b3a81b0cfb774

Package: RcppArmadillo
Source: CRAN
Version: 0.7.960.1.1
Hash: ab00f704be3b4979d880d939d074379a
Requires: Rcpp

Package: backports
Source: CRAN
Version: 1.1.0
Hash: 3f754426ca2b7dbbf63951fe5075373b

Package: base64enc
Source: CRAN
Version: 0.1-3
Hash: c590d29e555926af053055e23ee79efb

Package: bitops
Source: CRAN
Version: 1.0-6
Hash: 67d0775189fd0041d95abca618c5c07e

Package: caTools
Source: CRAN
Version: 1.17.1
Hash: 97cb6f6293cd18d17df77a6383cc6763
Requires: bitops

Package: colorspace
Source: CRAN
Version: 1.3-2
Hash: 0bf8618b585fa98eb23414cd3ab95118

Package: dichromat
Source: CRAN
Version: 2.0-0
Hash: 08eed0c80510af29bb15f840ccfe37ce

Package: digest
Source: CRAN
Version: 0.6.12
Hash: e53fb8c58673df868183697e39a6a4d6

Package: evaluate
Source: CRAN
Version: 0.10.1
Hash: 54d95f4ec6d0300100413ed0127d89ae
Requires: stringr

Package: ggplot2
Source: CRAN
Version: 2.2.1
Hash: 46e5cb78836848aa44655e577433f54b
Requires: digest, gtable, lazyeval, plyr, reshape2, scales, tibble

Package: gridExtra
Source: CRAN
Version: 2.2.1
Hash: 8f54b57d4b0598ed5b27e0eafe86a670
Requires: gtable

Package: gtable
Source: CRAN
Version: 0.2.0
Hash: cd78381a9d3fea966ac39bd0daaf5554

Package: highr
Source: CRAN
Version: 0.6
Hash: aa3d5b7912b5fed4b546ed5cd2a1760b

Package: htmltools
Source: CRAN
Version: 0.3.6
Hash: 5b070a04ef8df1953544873db1c5896e
Requires: Rcpp, digest

Package: htmlwidgets
Source: CRAN
Version: 0.9
Hash: 7514f6ea9f3bef6d9b6c945095275302
Requires: htmltools, jsonlite, yaml

Package: httpuv
Source: CRAN
Version: 1.3.5
Hash: 2cc5284565b71276d1faf3d5c043fe4e
Requires: Rcpp

Package: jsonlite
Source: CRAN
Version: 1.5
Hash: 9c51936d8dd00b2f1d4fe9d10499694c

Package: knitr
Source: CRAN
Version: 1.17
Hash: f6b2bf543ee3e25f5b92bb46f9958c5f
Requires: digest, evaluate, highr, markdown, stringr, yaml

Package: labeling
Source: CRAN
Version: 0.3
Hash: ecf589b42cd284b03a4beb9665482d3e

Package: lazyeval
Source: CRAN
Version: 0.2.0
Hash: 3d6e7608e65bbf5cb170dab1e3c9ed8b

Package: magrittr
Source: CRAN
Version: 1.5
Hash: bdc4d48c3135e8f3b399536ddf160df4

Package: markdown
Source: CRAN
Version: 0.8
Hash: 045d7c594d503b41f1c28946d076c8aa
Requires: mime

Package: mime
Source: CRAN
Version: 0.5
Hash: 463550cf44fb6f0a2359368f42eebe62

Package: munsell
Source: CRAN
Version: 0.4.3
Hash: f96d896947fcaf9b6d0074002e9f4f9d
Requires: colorspace

Package: packrat
Source: CRAN
Version: 0.4.8-1
Hash: 6ad605ba7b4b476d84be6632393f5765

Package: plyr
Source: CRAN
Version: 1.8.4
Hash: 8fbaff6962e3421b5c9652eebae36159
Requires: Rcpp

Package: reshape2
Source: CRAN
Version: 1.4.2
Hash: df8d1de05444abd99e423c1e3b84c9b0
Requires: Rcpp, plyr, stringr

Package: rlang
Source: CRAN
Version: 0.1.2
Hash: c17b638e3282aa222a47112d7a60bc66

Package: rmarkdown
Source: CRAN
Version: 1.6
Hash: 40f4034a7b8e28edc2b384bdb0c4d537
Requires: base64enc, caTools, evaluate, htmltools, jsonlite, knitr,
    rprojroot, stringr, yaml

Package: rprojroot
Source: CRAN
Version: 1.2
Hash: fdcac51a7f47decd60556ceefc3c26b1
Requires: backports

Package: scales
Source: CRAN
Version: 0.4.1
Hash: c23bc27bbba87e4039706edf29d8eb68
Requires: RColorBrewer, Rcpp, dichromat, labeling, munsell, plyr

Package: shiny
Source: CRAN
Version: 1.0.5
Hash: 4d47532a807122bfd6bc3818310f9d2e
Requires: R6, digest, htmltools, httpuv, jsonlite, mime, sourcetools,
    xtable

Package: shinydashboard
Source: CRAN
Version: 0.6.1
Hash: b48e9bf83e320416eca507dd0d75b362
Requires: htmltools, shiny

Package: sourcetools
Source: CRAN
Version: 0.1.6
Hash: 226d56d7469587da40b0f96180e711b4

Package: stringi
Source: CRAN
Version: 1.1.5
Hash: b6308e49357a0b475f433599e0d8b5eb

Package: stringr
Source: CRAN
Version: 1.2.0
Hash: 25a86d7f410513ebb7c0bc6a5e16bdc3
Requires: magrittr, stringi

Package: tibble
Source: CRAN
Version: 1.3.3
Hash: 6a18f6da2887d2c4c4a6554027161483
Requires: Rcpp, rlang

Package: xtable
Source: CRAN
Version: 1.8-2
Hash: 7293235cfcc14cdff1ce7fd1a0212031

Package: yaml
Source: CRAN
Version: 2.1.14
Hash: c81230c3a7d9ba20607ad6b4331173d1
